
Microsoft Visual Studio Solution File, Format Version 12.00
# Visual Studio Version 17
VisualStudioVersion = 17.9.34723.18
MinimumVisualStudioVersion = 10.0.40219.1
Project("{FAE04EC0-301F-11D3-BF4B-00C04F79EFBC}") = "Cambios", "Cambios\Cambios.csproj", "{A7F0678D-2350-49AF-85B3-D455FE7EEB87}"
EndProject
Global
	GlobalSection(SolutionConfigurationPlatforms) = preSolution
		Debug|Any CPU = Debug|Any CPU
		Release|Any CPU = Release|Any CPU
	EndGlobalSection
	GlobalSection(ProjectConfigurationPlatforms) = postSolution
		{A7F0678D-2350-49AF-85B3-D455FE7EEB87}.Debug|Any CPU.ActiveCfg = Debug|Any CPU
		{A7F0678D-2350-49AF-85B3-D455FE7EEB87}.Debug|Any CPU.Build.0 = Debug|Any CPU
		{A7F0678D-2350-49AF-85B3-D455FE7EEB87}.Release|Any CPU.ActiveCfg = Release|Any CPU
		{A7F0678D-2350-49AF-85B3-D455FE7EEB87}.Release|Any CPU.Build.0 = Release|Any CPU
	EndGlobalSection
	GlobalSection(SolutionProperties) = preSolution
		HideSolutionNode = FALSE
	EndGlobalSection
	GlobalSection(ExtensibilityGlobals) = postSolution
		SolutionGuid = {5A904169-E4F7-4079-ABF9-A2C63DDCF7F4}
	EndGlobalSection
EndGlobal
